
Microsoft Visual Studio Solution File, Format Version 12.00
# Visual Studio 15
VisualStudioVersion = 15.0.28307.1259
MinimumVisualStudioVersion = 10.0.40219.1
Project("{FAE04EC0-301F-11D3-BF4B-00C04F79EFBC}") = "WebAppCore", "WebAppCore\WebAppCore.csproj", "{03683F9B-6291-4060-96E2-CBF2589987DE}"
EndProject
Global
	GlobalSection(SolutionConfigurationPlatforms) = preSolution
		Debug|Any CPU = Debug|Any CPU
		Release|Any CPU = Release|Any CPU
	EndGlobalSection
	GlobalSection(ProjectConfigurationPlatforms) = postSolution
		{03683F9B-6291-4060-96E2-CBF2589987DE}.Debug|Any CPU.ActiveCfg = Debug|Any CPU
		{03683F9B-6291-4060-96E2-CBF2589987DE}.Debug|Any CPU.Build.0 = Debug|Any CPU
		{03683F9B-6291-4060-96E2-CBF2589987DE}.Release|Any CPU.ActiveCfg = Release|Any CPU
		{03683F9B-6291-4060-96E2-CBF2589987DE}.Release|Any CPU.Build.0 = Release|Any CPU
	EndGlobalSection
	GlobalSection(SolutionProperties) = preSolution
		HideSolutionNode = FALSE
	EndGlobalSection
	GlobalSection(ExtensibilityGlobals) = postSolution
		SolutionGuid = {C988C98D-86EE-4865-9D89-A28514E616D5}
	EndGlobalSection
EndGlobal
